
Microsoft Visual Studio Solution File, Format Version 12.00
# Visual Studio Version 17
VisualStudioVersion = 17.3.32901.215
MinimumVisualStudioVersion = 10.0.40219.1
Project("{9A19103F-16F7-4668-BE54-9A1E7A4F7556}") = "phirSOFT.TopologicalComparison", "phirSOFT.ConstraintedComparison\phirSOFT.TopologicalComparison.csproj", "{0592850C-D82E-4F4D-BEAF-3F723A7713C6}"
EndProject
Project("{9A19103F-16F7-4668-BE54-9A1E7A4F7556}") = "phirSOFT.TopologicalComparisonTests", "phirSOFT.ConstraintedComparisonTests\phirSOFT.TopologicalComparisonTests.csproj", "{F5366B0E-8248-4CC0-9BA0-F7F7D3309657}"
EndProject
Global
	GlobalSection(SolutionConfigurationPlatforms) = preSolution
		Debug|Any CPU = Debug|Any CPU
		Release|Any CPU = Release|Any CPU
	EndGlobalSection
	GlobalSection(ProjectConfigurationPlatforms) = postSolution
		{0592850C-D82E-4F4D-BEAF-3F723A7713C6}.Debug|Any CPU.ActiveCfg = Debug|Any CPU
		{0592850C-D82E-4F4D-BEAF-3F723A7713C6}.Debug|Any CPU.Build.0 = Debug|Any CPU
		{0592850C-D82E-4F4D-BEAF-3F723A7713C6}.Release|Any CPU.ActiveCfg = Release|Any CPU
		{0592850C-D82E-4F4D-BEAF-3F723A7713C6}.Release|Any CPU.Build.0 = Release|Any CPU
		{F5366B0E-8248-4CC0-9BA0-F7F7D3309657}.Debug|Any CPU.ActiveCfg = Debug|Any CPU
		{F5366B0E-8248-4CC0-9BA0-F7F7D3309657}.Debug|Any CPU.Build.0 = Debug|Any CPU
		{F5366B0E-8248-4CC0-9BA0-F7F7D3309657}.Release|Any CPU.ActiveCfg = Release|Any CPU
		{F5366B0E-8248-4CC0-9BA0-F7F7D3309657}.Release|Any CPU.Build.0 = Release|Any CPU
	EndGlobalSection
	GlobalSection(SolutionProperties) = preSolution
		HideSolutionNode = FALSE
	EndGlobalSection
	GlobalSection(ExtensibilityGlobals) = postSolution
		SolutionGuid = {F019D9A6-FC83-4A57-95C5-1CAB42155231}
	EndGlobalSection
EndGlobal
